
Microsoft Visual Studio Solution File, Format Version 12.00
# Visual Studio Version 17
VisualStudioVersion = 17.7.34003.232
MinimumVisualStudioVersion = 10.0.40219.1
Project("{FAE04EC0-301F-11D3-BF4B-00C04F79EFBC}") = "TaskManagement", "TaskManagement\TaskManagement.csproj", "{0EE34324-0AC8-4947-A932-B2A5FF0717DB}"
EndProject
Project("{2150E333-8FDC-42A3-9474-1A3956D46DE8}") = "Itens de Solução", "Itens de Solução", "{88E4B473-5D49-44BA-88B5-068A29705D1B}"
EndProject
Global
	GlobalSection(SolutionConfigurationPlatforms) = preSolution
		Debug|Any CPU = Debug|Any CPU
		Release|Any CPU = Release|Any CPU
	EndGlobalSection
	GlobalSection(ProjectConfigurationPlatforms) = postSolution
		{0EE34324-0AC8-4947-A932-B2A5FF0717DB}.Debug|Any CPU.ActiveCfg = Debug|Any CPU
		{0EE34324-0AC8-4947-A932-B2A5FF0717DB}.Debug|Any CPU.Build.0 = Debug|Any CPU
		{0EE34324-0AC8-4947-A932-B2A5FF0717DB}.Release|Any CPU.ActiveCfg = Release|Any CPU
		{0EE34324-0AC8-4947-A932-B2A5FF0717DB}.Release|Any CPU.Build.0 = Release|Any CPU
	EndGlobalSection
	GlobalSection(SolutionProperties) = preSolution
		HideSolutionNode = FALSE
	EndGlobalSection
	GlobalSection(ExtensibilityGlobals) = postSolution
		SolutionGuid = {59795C2D-03E4-42ED-9A87-62B412E380FD}
	EndGlobalSection
EndGlobal
